// !$*UTF8*$!
{
	archiveVersion = 1;
	classes = {
	};
	objectVersion = 46;
	objects = {

/* Begin PBXBuildFile section */
		57D6333119DDB3AF004A5D19 /* AppDelegate.swift in Sources */ = {isa = PBXBuildFile; fileRef = 57D6333019DDB3AF004A5D19 /* AppDelegate.swift */; };
		57D6333319DDB3AF004A5D19 /* ViewController.swift in Sources */ = {isa = PBXBuildFile; fileRef = 57D6333219DDB3AF004A5D19 /* ViewController.swift */; };
		57D6333619DDB3AF004A5D19 /* Main.storyboard in Resources */ = {isa = PBXBuildFile; fileRef = 57D6333419DDB3AF004A5D19 /* Main.storyboard */; };
		57D6333819DDB3AF004A5D19 /* Images.xcassets in Resources */ = {isa = PBXBuildFile; fileRef = 57D6333719DDB3AF004A5D19 /* Images.xcassets */; };
		57D6333B19DDB3AF004A5D19 /* LaunchScreen.xib in Resources */ = {isa = PBXBuildFile; fileRef = 57D6333919DDB3AF004A5D19 /* LaunchScreen.xib */; };
		57D6334719DDB3AF004A5D19 /* PostcardTests.swift in Sources */ = {isa = PBXBuildFile; fileRef = 57D6334619DDB3AF004A5D19 /* PostcardTests.swift */; };
/* End PBXBuildFile section */

/* Begin PBXContainerItemProxy section */
		57D6334119DDB3AF004A5D19 /* PBXContainerItemProxy */ = {
			isa = PBXContainerItemProxy;
			containerPortal = 57D6332319DDB3AF004A5D19 /* Project object */;
			proxyType = 1;
			remoteGlobalIDString = 57D6332A19DDB3AF004A5D19;
			remoteInfo = Postcard;
		};
/* End PBXContainerItemProxy section */

/* Begin PBXFileReference section */
		57D6332B19DDB3AF004A5D19 /* Postcard.app */ = {isa = PBXFileReference; explicitFileType = wrapper.application; includeInIndex = 0; path = Postcard.app; sourceTree = BUILT_PRODUCTS_DIR; };
		57D6332F19DDB3AF004A5D19 /* Info.plist */ = {isa = PBXFileReference; lastKnownFileType = text.plist.xml; path = Info.plist; sourceTree = "<group>"; };
		57D6333019DDB3AF004A5D19 /* AppDelegate.swift */ = {isa = PBXFileReference; lastKnownFileType = sourcecode.swift; path = AppDelegate.swift; sourceTree = "<group>"; };
		57D6333219DDB3AF004A5D19 /* ViewController.swift */ = {isa = PBXFileReference; lastKnownFileType = sourcecode.swift; path = ViewController.swift; sourceTree = "<group>"; };
		57D6333519DDB3AF004A5D19 /* Base */ = {isa = PBXFileReference; lastKnownFileType = file.storyboard; name = Base; path = Base.lproj/Main.storyboard; sourceTree = "<group>"; };
		57D6333719DDB3AF004A5D19 /* Images.xcassets */ = {isa = PBXFileReference; lastKnownFileType = folder.assetcatalog; path = Images.xcassets; sourceTree = "<group>"; };
		57D6333A19DDB3AF004A5D19 /* Base */ = {isa = PBXFileReference; lastKnownFileType = file.xib; name = Base; path = Base.lproj/LaunchScreen.xib; sourceTree = "<group>"; };
		57D6334019DDB3AF004A5D19 /* PostcardTests.xctest */ = {isa = PBXFileReference; explicitFileType = wrapper.cfbundle; includeInIndex = 0; path = PostcardTests.xctest; sourceTree = BUILT_PRODUCTS_DIR; };
		57D6334519DDB3AF004A5D19 /* Info.plist */ = {isa = PBXFileReference; lastKnownFileType = text.plist.xml; path = Info.plist; sourceTree = "<group>"; };
		57D6334619DDB3AF004A5D19 /* PostcardTests.swift */ = {isa = PBXFileReference; lastKnownFileType = sourcecode.swift; path = PostcardTests.swift; sourceTree = "<group>"; };
/* End PBXFileReference section */

/* Begin PBXFrameworksBuildPhase section */
		57D6332819DDB3AF004A5D19 /* Frameworks */ = {
			isa = PBXFrameworksBuildPhase;
			buildActionMask = 2147483647;
			files = (
			);
			runOnlyForDeploymentPostprocessing = 0;
		};
		57D6333D19DDB3AF004A5D19 /* Frameworks */ = {
			isa = PBXFrameworksBuildPhase;
			buildActionMask = 2147483647;
			files = (
			);
			runOnlyForDeploymentPostprocessing = 0;
		};
/* End PBXFrameworksBuildPhase section */

/* Begin PBXGroup section */
		57D6332219DDB3AF004A5D19 = {
			isa = PBXGroup;
			children = (
				57D6332D19DDB3AF004A5D19 /* Postcard */,
				57D6334319DDB3AF004A5D19 /* PostcardTests */,
				57D6332C19DDB3AF004A5D19 /* Products */,
			);
			sourceTree = "<group>";
		};
		57D6332C19DDB3AF004A5D19 /* Products */ = {
			isa = PBXGroup;
			children = (
				57D6332B19DDB3AF004A5D19 /* Postcard.app */,
				57D6334019DDB3AF004A5D19 /* PostcardTests.xctest */,
			);
			name = Products;
			sourceTree = "<group>";
		};
		57D6332D19DDB3AF004A5D19 /* Postcard */ = {
			isa = PBXGroup;
			children = (
				57D6333019DDB3AF004A5D19 /* AppDelegate.swift */,
				57D6333219DDB3AF004A5D19 /* ViewController.swift */,
				57D6333419DDB3AF004A5D19 /* Main.storyboard */,
				57D6333719DDB3AF004A5D19 /* Images.xcassets */,
				57D6333919DDB3AF004A5D19 /* LaunchScreen.xib */,
				57D6332E19DDB3AF004A5D19 /* Supporting Files */,
			);
			path = Postcard;
			sourceTree = "<group>";
		};
		57D6332E19DDB3AF004A5D19 /* Supporting Files */ = {
			isa = PBXGroup;
			children = (
				57D6332F19DDB3AF004A5D19 /* Info.plist */,
			);
			name = "Supporting Files";
			sourceTree = "<group>";
		};
		57D6334319DDB3AF004A5D19 /* PostcardTests */ = {
			isa = PBXGroup;
			children = (
				57D6334619DDB3AF004A5D19 /* PostcardTests.swift */,
				57D6334419DDB3AF004A5D19 /* Supporting Files */,
			);
			path = PostcardTests;
			sourceTree = "<group>";
		};
		57D6334419DDB3AF004A5D19 /* Supporting Files */ = {
			isa = PBXGroup;
			children = (
				57D6334519DDB3AF004A5D19 /* Info.plist */,
			);
			name = "Supporting Files";
			sourceTree = "<group>";
		};
/* End PBXGroup section */

/* Begin PBXNativeTarget section */
		57D6332A19DDB3AF004A5D19 /* Postcard */ = {
			isa = PBXNativeTarget;
			buildConfigurationList = 57D6334A19DDB3AF004A5D19 /* Build configuration list for PBXNativeTarget "Postcard" */;
			buildPhases = (
				57D6332719DDB3AF004A5D19 /* Sources */,
				57D6332819DDB3AF004A5D19 /* Frameworks */,
				57D6332919DDB3AF004A5D19 /* Resources */,
			);
			buildRules = (
			);
			dependencies = (
			);
			name = Postcard;
			productName = Postcard;
			productReference = 57D6332B19DDB3AF004A5D19 /* Postcard.app */;
			productType = "com.apple.product-type.application";
		};
		57D6333F19DDB3AF004A5D19 /* PostcardTests */ = {
			isa = PBXNativeTarget;
			buildConfigurationList = 57D6334D19DDB3AF004A5D19 /* Build configuration list for PBXNativeTarget "PostcardTests" */;
			buildPhases = (
				57D6333C19DDB3AF004A5D19 /* Sources */,
				57D6333D19DDB3AF004A5D19 /* Frameworks */,
				57D6333E19DDB3AF004A5D19 /* Resources */,
			);
			buildRules = (
			);
			dependencies = (
				57D6334219DDB3AF004A5D19 /* PBXTargetDependency */,
			);
			name = PostcardTests;
			productName = PostcardTests;
			productReference = 57D6334019DDB3AF004A5D19 /* PostcardTests.xctest */;
			productType = "com.apple.product-type.bundle.unit-test";
		};
/* End PBXNativeTarget section */

/* Begin PBXProject section */
		57D6332319DDB3AF004A5D19 /* Project object */ = {
			isa = PBXProject;
			attributes = {
				LastUpgradeCheck = 0600;
				ORGANIZATIONNAME = "Matt Goldman";
				TargetAttributes = {
					57D6332A19DDB3AF004A5D19 = {
						CreatedOnToolsVersion = 6.0.1;
					};
					57D6333F19DDB3AF004A5D19 = {
						CreatedOnToolsVersion = 6.0.1;
						TestTargetID = 57D6332A19DDB3AF004A5D19;
					};
				};
			};
			buildConfigurationList = 57D6332619DDB3AF004A5D19 /* Build configuration list for PBXProject "Postcard" */;
			compatibilityVersion = "Xcode 3.2";
			developmentRegion = English;
			hasScannedForEncodings = 0;
			knownRegions = (
				en,
				Base,
			);
			mainGroup = 57D6332219DDB3AF004A5D19;
			productRefGroup = 57D6332C19DDB3AF004A5D19 /* Products */;
			projectDirPath = "";
			projectRoot = "";
			targets = (
				57D6332A19DDB3AF004A5D19 /* Postcard */,
				57D6333F19DDB3AF004A5D19 /* PostcardTests */,
			);
		};
/* End PBXProject section */

/* Begin PBXResourcesBuildPhase section */
		57D6332919DDB3AF004A5D19 /* Resources */ = {
			isa = PBXResourcesBuildPhase;
			buildActionMask = 2147483647;
			files = (
				57D6333619DDB3AF004A5D19 /* Main.storyboard in Resources */,
				57D6333B19DDB3AF004A5D19 /* LaunchScreen.xib in Resources */,
				57D6333819DDB3AF004A5D19 /* Images.xcassets in Resources */,
			);
			runOnlyForDeploymentPostprocessing = 0;
		};
		57D6333E19DDB3AF004A5D19 /* Resources */ = {
			isa = PBXResourcesBuildPhase;
			buildActionMask = 2147483647;
			files = (
			);
			runOnlyForDeploymentPostprocessing = 0;
		};
/* End PBXResourcesBuildPhase section */

/* Begin PBXSourcesBuildPhase section */
		57D6332719DDB3AF004A5D19 /* Sources */ = {
			isa = PBXSourcesBuildPhase;
			buildActionMask = 2147483647;
			files = (
				57D6333319DDB3AF004A5D19 /* ViewController.swift in Sources */,
				57D6333119DDB3AF004A5D19 /* AppDelegate.swift in Sources */,
			);
			runOnlyForDeploymentPostprocessing = 0;
		};
		57D6333C19DDB3AF004A5D19 /* Sources */ = {
			isa = PBXSourcesBuildPhase;
			buildActionMask = 2147483647;
			files = (
				57D6334719DDB3AF004A5D19 /* PostcardTests.swift in Sources */,
			);
			runOnlyForDeploymentPostprocessing = 0;
		};
/* End PBXSourcesBuildPhase section */

/* Begin PBXTargetDependency section */
		57D6334219DDB3AF004A5D19 /* PBXTargetDependency */ = {
			isa = PBXTargetDependency;
			target = 57D6332A19DDB3AF004A5D19 /* Postcard */;
			targetProxy = 57D6334119DDB3AF004A5D19 /* PBXContainerItemProxy */;
		};
/* End PBXTargetDependency section */

/* Begin PBXVariantGroup section */
		57D6333419DDB3AF004A5D19 /* Main.storyboard */ = {
			isa = PBXVariantGroup;
			children = (
				57D6333519DDB3AF004A5D19 /* Base */,
			);
			name = Main.storyboard;
			sourceTree = "<group>";
		};
		57D6333919DDB3AF004A5D19 /* LaunchScreen.xib */ = {
			isa = PBXVariantGroup;
			children = (
				57D6333A19DDB3AF004A5D19 /* Base */,
			);
			name = LaunchScreen.xib;
			sourceTree = "<group>";
		};
/* End PBXVariantGroup section */

/* Begin XCBuildConfiguration section */
		57D6334819DDB3AF004A5D19 /* Debug */ = {
			isa = XCBuildConfiguration;
			buildSettings = {
				ALWAYS_SEARCH_USER_PATHS = NO;
				CLANG_CXX_LANGUAGE_STANDARD = "gnu++0x";
				CLANG_CXX_LIBRARY = "libc++";
				CLANG_ENABLE_MODULES = YES;
				CLANG_ENABLE_OBJC_ARC = YES;
				CLANG_WARN_BOOL_CONVERSION = YES;
				CLANG_WARN_CONSTANT_CONVERSION = YES;
				CLANG_WARN_DIRECT_OBJC_ISA_USAGE = YES_ERROR;
				CLANG_WARN_EMPTY_BODY = YES;
				CLANG_WARN_ENUM_CONVERSION = YES;
				CLANG_WARN_INT_CONVERSION = YES;
				CLANG_WARN_OBJC_ROOT_CLASS = YES_ERROR;
				CLANG_WARN_UNREACHABLE_CODE = YES;
				CLANG_WARN__DUPLICATE_METHOD_MATCH = YES;
				"CODE_SIGN_IDENTITY[sdk=iphoneos*]" = "iPhone Developer";
				COPY_PHASE_STRIP = NO;
				ENABLE_STRICT_OBJC_MSGSEND = YES;
				GCC_C_LANGUAGE_STANDARD = gnu99;
				GCC_DYNAMIC_NO_PIC = NO;
				GCC_OPTIMIZATION_LEVEL = 0;
				GCC_PREPROCESSOR_DEFINITIONS = (
					"DEBUG=1",
					"$(inherited)",
				);
				GCC_SYMBOLS_PRIVATE_EXTERN = NO;
				GCC_WARN_64_TO_32_BIT_CONVERSION = YES;
				GCC_WARN_ABOUT_RETURN_TYPE = YES_ERROR;
				GCC_WARN_UNDECLARED_SELECTOR = YES;
				GCC_WARN_UNINITIALIZED_AUTOS = YES_AGGRESSIVE;
				GCC_WARN_UNUSED_FUNCTION = YES;
				GCC_WARN_UNUSED_VARIABLE = YES;
				IPHONEOS_DEPLOYMENT_TARGET = 8.0;
				MTL_ENABLE_DEBUG_INFO = YES;
				ONLY_ACTIVE_ARCH = YES;
				SDKROOT = iphoneos;
				SWIFT_OPTIMIZATION_LEVEL = "-Onone";
				TARGETED_DEVICE_FAMILY = "1,2";
			};
			name = Debug;
		};
		57D6334919DDB3AF004A5D19 /* Release */ = {
			isa = XCBuildConfiguration;
			buildSettings = {
				ALWAYS_SEARCH_USER_PATHS = NO;
				CLANG_CXX_LANGUAGE_STANDARD = "gnu++0x";
				CLANG_CXX_LIBRARY = "libc++";
				CLANG_ENABLE_MODULES = YES;
				CLANG_ENABLE_OBJC_ARC = YES;
				CLANG_WARN_BOOL_CONVERSION = YES;
				CLANG_WARN_CONSTANT_CONVERSION = YES;
				CLANG_WARN_DIRECT_OBJC_ISA_USAGE = YES_ERROR;
				CLANG_WARN_EMPTY_BODY = YES;
				CLANG_WARN_ENUM_CONVERSION = YES;
				CLANG_WARN_INT_CONVERSION = YES;
				CLANG_WARN_OBJC_ROOT_CLASS = YES_ERROR;
				CLANG_WARN_UNREACHABLE_CODE = YES;
				CLANG_WARN__DUPLICATE_METHOD_MATCH = YES;
				"CODE_SIGN_IDENTITY[sdk=iphoneos*]" = "iPhone Developer";
				COPY_PHASE_STRIP = YES;
				ENABLE_NS_ASSERTIONS = NO;
				ENABLE_STRICT_OBJC_MSGSEND = YES;
				GCC_C_LANGUAGE_STANDARD = gnu99;
				GCC_WARN_64_TO_32_BIT_CONVERSION = YES;
				GCC_WARN_ABOUT_RETURN_TYPE = YES_ERROR;
				GCC_WARN_UNDECLARED_SELECTOR = YES;
				GCC_WARN_UNINITIALIZED_AUTOS = YES_AGGRESSIVE;
				GCC_WARN_UNUSED_FUNCTION = YES;
				GCC_WARN_UNUSED_VARIABLE = YES;
				IPHONEOS_DEPLOYMENT_TARGET = 8.0;
				MTL_ENABLE_DEBUG_INFO = NO;
				SDKROOT = iphoneos;
				TARGETED_DEVICE_FAMILY = "1,2";
				VALIDATE_PRODUCT = YES;
			};
			name = Release;
		};
		57D6334B19DDB3AF004A5D19 /* Debug */ = {
			isa = XCBuildConfiguration;
			buildSettings = {
				ASSETCATALOG_COMPILER_APPICON_NAME = AppIcon;
				INFOPLIST_FILE = Postcard/Info.plist;
				LD_RUNPATH_SEARCH_PATHS = "$(inherited) @executable_path/Frameworks";
				PRODUCT_NAME = "$(TARGET_NAME)";
			};
			name = Debug;
		};
		57D6334C19DDB3AF004A5D19 /* Release */ = {
			isa = XCBuildConfiguration;
			buildSettings = {
				ASSETCATALOG_COMPILER_APPICON_NAME = AppIcon;
				INFOPLIST_FILE = Postcard/Info.plist;
				LD_RUNPATH_SEARCH_PATHS = "$(inherited) @executable_path/Frameworks";
				PRODUCT_NAME = "$(TARGET_NAME)";
			};
			name = Release;
		};
		57D6334E19DDB3AF004A5D19 /* Debug */ = {
			isa = XCBuildConfiguration;
			buildSettings = {
				BUNDLE_LOADER = "$(TEST_HOST)";
				FRAMEWORK_SEARCH_PATHS = (
					"$(SDKROOT)/Developer/Library/Frameworks",
					"$(inherited)",
				);
				GCC_PREPROCESSOR_DEFINITIONS = (
					"DEBUG=1",
					"$(inherited)",
				);
				INFOPLIST_FILE = PostcardTests/Info.plist;
				LD_RUNPATH_SEARCH_PATHS = "$(inherited) @executable_path/Frameworks @loader_path/Frameworks";
				PRODUCT_NAME = "$(TARGET_NAME)";
				TEST_HOST = "$(BUILT_PRODUCTS_DIR)/Postcard.app/Postcard";
			};
			name = Debug;
		};
		57D6334F19DDB3AF004A5D19 /* Release */ = {
			isa = XCBuildConfiguration;
			buildSettings = {
				BUNDLE_LOADER = "$(TEST_HOST)";
				FRAMEWORK_SEARCH_PATHS = (
					"$(SDKROOT)/Developer/Library/Frameworks",
					"$(inherited)",
				);
				INFOPLIST_FILE = PostcardTests/Info.plist;
				LD_RUNPATH_SEARCH_PATHS = "$(inherited) @executable_path/Frameworks @loader_path/Frameworks";
				PRODUCT_NAME = "$(TARGET_NAME)";
				TEST_HOST = "$(BUILT_PRODUCTS_DIR)/Postcard.app/Postcard";
			};
			name = Release;
		};
/* End XCBuildConfiguration section */

/* Begin XCConfigurationList section */
		57D6332619DDB3AF004A5D19 /* Build configuration list for PBXProject "Postcard" */ = {
			isa = XCConfigurationList;
			buildConfigurations = (
				57D6334819DDB3AF004A5D19 /* Debug */,
				57D6334919DDB3AF004A5D19 /* Release */,
			);
			defaultConfigurationIsVisible = 0;
			defaultConfigurationName = Release;
		};
		57D6334A19DDB3AF004A5D19 /* Build configuration list for PBXNativeTarget "Postcard" */ = {
			isa = XCConfigurationList;
			buildConfigurations = (
				57D6334B19DDB3AF004A5D19 /* Debug */,
				57D6334C19DDB3AF004A5D19 /* Release */,
			);
			defaultConfigurationIsVisible = 0;
		};
		57D6334D19DDB3AF004A5D19 /* Build configuration list for PBXNativeTarget "PostcardTests" */ = {
			isa = XCConfigurationList;
			buildConfigurations = (
				57D6334E19DDB3AF004A5D19 /* Debug */,
				57D6334F19DDB3AF004A5D19 /* Release */,
			);
			defaultConfigurationIsVisible = 0;
		};
/* End XCConfigurationList section */
	};
	rootObject = 57D6332319DDB3AF004A5D19 /* Project object */;
}
